
Microsoft Visual Studio Solution File, Format Version 12.00
# Visual Studio Version 17
VisualStudioVersion = 17.10.35027.167
MinimumVisualStudioVersion = 10.0.40219.1
Project("{9A19103F-16F7-4668-BE54-9A1E7A4F7556}") = "Adm", "Adm\Adm.csproj", "{E2A6990F-A880-4B0C-9D4A-724651564DF0}"
EndProject
Project("{FAE04EC0-301F-11D3-BF4B-00C04F79EFBC}") = "Adm.AppHost", "Adm.AppHost\Adm.AppHost.csproj", "{74A4B8E7-7485-47F0-8300-A7744FABCA83}"
EndProject
Project("{9A19103F-16F7-4668-BE54-9A1E7A4F7556}") = "Adm.ServiceDefaults", "Adm.ServiceDefaults\Adm.ServiceDefaults.csproj", "{F234C087-2D4D-48C4-ADAB-56E8C893464E}"
EndProject
Project("{2150E333-8FDC-42A3-9474-1A3956D46DE8}") = "Api", "Api", "{7B25E54B-70D0-48B7-8F43-EDB318D01ADC}"
EndProject
Project("{2150E333-8FDC-42A3-9474-1A3956D46DE8}") = "Domain", "Domain", "{6DED923A-523B-44C7-A03C-940FB7294F83}"
EndProject
Project("{2150E333-8FDC-42A3-9474-1A3956D46DE8}") = "Core", "Core", "{A2203EE1-DBFC-45F9-A58B-9ED9BD8F504E}"
EndProject
Project("{2150E333-8FDC-42A3-9474-1A3956D46DE8}") = "Application", "Application", "{C65776E2-AA25-4A0F-93F5-ACA31275A8D3}"
EndProject
Project("{FAE04EC0-301F-11D3-BF4B-00C04F79EFBC}") = "Adm.Core", "Adm.Core\Adm.Core.csproj", "{2ACB606B-6A92-4B56-BD3F-DB8BDBD5AD23}"
EndProject
Project("{2150E333-8FDC-42A3-9474-1A3956D46DE8}") = "Sdk", "Sdk", "{22A134BD-CC5F-487F-985B-4A5AB064B1E1}"
EndProject
Project("{9A19103F-16F7-4668-BE54-9A1E7A4F7556}") = "Adm.Sdk.Api", "Adm.Sdk.Api\Adm.Sdk.Api.csproj", "{EDF2343B-ED5A-4639-B9BD-6ED8E24180DF}"
EndProject
Project("{FAE04EC0-301F-11D3-BF4B-00C04F79EFBC}") = "Adm.Domain", "Adm.Domain\Adm.Domain.csproj", "{C08DBD07-37C8-41B3-8F6A-14F1C799F3C3}"
EndProject
Global
	GlobalSection(SolutionConfigurationPlatforms) = preSolution
		Debug|Any CPU = Debug|Any CPU
		Release|Any CPU = Release|Any CPU
	EndGlobalSection
	GlobalSection(ProjectConfigurationPlatforms) = postSolution
		{E2A6990F-A880-4B0C-9D4A-724651564DF0}.Debug|Any CPU.ActiveCfg = Debug|Any CPU
		{E2A6990F-A880-4B0C-9D4A-724651564DF0}.Debug|Any CPU.Build.0 = Debug|Any CPU
		{E2A6990F-A880-4B0C-9D4A-724651564DF0}.Release|Any CPU.ActiveCfg = Release|Any CPU
		{E2A6990F-A880-4B0C-9D4A-724651564DF0}.Release|Any CPU.Build.0 = Release|Any CPU
		{74A4B8E7-7485-47F0-8300-A7744FABCA83}.Debug|Any CPU.ActiveCfg = Debug|Any CPU
		{74A4B8E7-7485-47F0-8300-A7744FABCA83}.Debug|Any CPU.Build.0 = Debug|Any CPU
		{74A4B8E7-7485-47F0-8300-A7744FABCA83}.Release|Any CPU.ActiveCfg = Release|Any CPU
		{74A4B8E7-7485-47F0-8300-A7744FABCA83}.Release|Any CPU.Build.0 = Release|Any CPU
		{F234C087-2D4D-48C4-ADAB-56E8C893464E}.Debug|Any CPU.ActiveCfg = Debug|Any CPU
		{F234C087-2D4D-48C4-ADAB-56E8C893464E}.Debug|Any CPU.Build.0 = Debug|Any CPU
		{F234C087-2D4D-48C4-ADAB-56E8C893464E}.Release|Any CPU.ActiveCfg = Release|Any CPU
		{F234C087-2D4D-48C4-ADAB-56E8C893464E}.Release|Any CPU.Build.0 = Release|Any CPU
		{2ACB606B-6A92-4B56-BD3F-DB8BDBD5AD23}.Debug|Any CPU.ActiveCfg = Debug|Any CPU
		{2ACB606B-6A92-4B56-BD3F-DB8BDBD5AD23}.Debug|Any CPU.Build.0 = Debug|Any CPU
		{2ACB606B-6A92-4B56-BD3F-DB8BDBD5AD23}.Release|Any CPU.ActiveCfg = Release|Any CPU
		{2ACB606B-6A92-4B56-BD3F-DB8BDBD5AD23}.Release|Any CPU.Build.0 = Release|Any CPU
		{EDF2343B-ED5A-4639-B9BD-6ED8E24180DF}.Debug|Any CPU.ActiveCfg = Debug|Any CPU
		{EDF2343B-ED5A-4639-B9BD-6ED8E24180DF}.Debug|Any CPU.Build.0 = Debug|Any CPU
		{EDF2343B-ED5A-4639-B9BD-6ED8E24180DF}.Release|Any CPU.ActiveCfg = Release|Any CPU
		{EDF2343B-ED5A-4639-B9BD-6ED8E24180DF}.Release|Any CPU.Build.0 = Release|Any CPU
		{C08DBD07-37C8-41B3-8F6A-14F1C799F3C3}.Debug|Any CPU.ActiveCfg = Debug|Any CPU
		{C08DBD07-37C8-41B3-8F6A-14F1C799F3C3}.Debug|Any CPU.Build.0 = Debug|Any CPU
		{C08DBD07-37C8-41B3-8F6A-14F1C799F3C3}.Release|Any CPU.ActiveCfg = Release|Any CPU
		{C08DBD07-37C8-41B3-8F6A-14F1C799F3C3}.Release|Any CPU.Build.0 = Release|Any CPU
	EndGlobalSection
	GlobalSection(SolutionProperties) = preSolution
		HideSolutionNode = FALSE
	EndGlobalSection
	GlobalSection(NestedProjects) = preSolution
		{E2A6990F-A880-4B0C-9D4A-724651564DF0} = {7B25E54B-70D0-48B7-8F43-EDB318D01ADC}
		{74A4B8E7-7485-47F0-8300-A7744FABCA83} = {7B25E54B-70D0-48B7-8F43-EDB318D01ADC}
		{F234C087-2D4D-48C4-ADAB-56E8C893464E} = {7B25E54B-70D0-48B7-8F43-EDB318D01ADC}
		{2ACB606B-6A92-4B56-BD3F-DB8BDBD5AD23} = {A2203EE1-DBFC-45F9-A58B-9ED9BD8F504E}
		{EDF2343B-ED5A-4639-B9BD-6ED8E24180DF} = {7B25E54B-70D0-48B7-8F43-EDB318D01ADC}
		{C08DBD07-37C8-41B3-8F6A-14F1C799F3C3} = {6DED923A-523B-44C7-A03C-940FB7294F83}
	EndGlobalSection
	GlobalSection(ExtensibilityGlobals) = postSolution
		SolutionGuid = {E73750B9-CC37-43F3-B1EE-CC90ADE3BE9F}
	EndGlobalSection
EndGlobal
